// !$*UTF8*$!
{
	archiveVersion = 1;
	classes = {
	};
	objectVersion = 56;
	objects = {

/* Begin PBXBuildFile section */
		787BB2F92ACB2C0C0024380A /* main.cpp in Sources */ = {isa = PBXBuildFile; fileRef = 787BB2F82ACB2C0C0024380A /* main.cpp */; };
		78A8D2FF2ACF398F00516CE8 /* token.cpp in Sources */ = {isa = PBXBuildFile; fileRef = 78A8D2FA2ACF398F00516CE8 /* token.cpp */; };
		78A8D3002ACF398F00516CE8 /* lexer.cpp in Sources */ = {isa = PBXBuildFile; fileRef = 78A8D2FD2ACF398F00516CE8 /* lexer.cpp */; };
		78A8D3012ACF398F00516CE8 /* enums.cpp in Sources */ = {isa = PBXBuildFile; fileRef = 78A8D2FE2ACF398F00516CE8 /* enums.cpp */; };
		78A8D3042ACF39A500516CE8 /* tools.cpp in Sources */ = {isa = PBXBuildFile; fileRef = 78A8D3022ACF39A500516CE8 /* tools.cpp */; };
/* End PBXBuildFile section */

/* Begin PBXCopyFilesBuildPhase section */
		787BB2F32ACB2C0C0024380A /* CopyFiles */ = {
			isa = PBXCopyFilesBuildPhase;
			buildActionMask = 2147483647;
			dstPath = /usr/share/man/man1/;
			dstSubfolderSpec = 0;
			files = (
			);
			runOnlyForDeploymentPostprocessing = 1;
		};
/* End PBXCopyFilesBuildPhase section */

/* Begin PBXFileReference section */
		787BB2F52ACB2C0C0024380A /* LexLab3 */ = {isa = PBXFileReference; explicitFileType = "compiled.mach-o.executable"; includeInIndex = 0; path = LexLab3; sourceTree = BUILT_PRODUCTS_DIR; };
		787BB2F82ACB2C0C0024380A /* main.cpp */ = {isa = PBXFileReference; lastKnownFileType = sourcecode.cpp.cpp; path = main.cpp; sourceTree = "<group>"; };
		78A8D2F92ACF398F00516CE8 /* enums.hpp */ = {isa = PBXFileReference; fileEncoding = 4; lastKnownFileType = sourcecode.cpp.h; path = enums.hpp; sourceTree = "<group>"; };
		78A8D2FA2ACF398F00516CE8 /* token.cpp */ = {isa = PBXFileReference; fileEncoding = 4; lastKnownFileType = sourcecode.cpp.cpp; path = token.cpp; sourceTree = "<group>"; };
		78A8D2FB2ACF398F00516CE8 /* lexer.hpp */ = {isa = PBXFileReference; fileEncoding = 4; lastKnownFileType = sourcecode.cpp.h; path = lexer.hpp; sourceTree = "<group>"; };
		78A8D2FC2ACF398F00516CE8 /* token.hpp */ = {isa = PBXFileReference; fileEncoding = 4; lastKnownFileType = sourcecode.cpp.h; path = token.hpp; sourceTree = "<group>"; };
		78A8D2FD2ACF398F00516CE8 /* lexer.cpp */ = {isa = PBXFileReference; fileEncoding = 4; lastKnownFileType = sourcecode.cpp.cpp; path = lexer.cpp; sourceTree = "<group>"; };
		78A8D2FE2ACF398F00516CE8 /* enums.cpp */ = {isa = PBXFileReference; fileEncoding = 4; lastKnownFileType = sourcecode.cpp.cpp; path = enums.cpp; sourceTree = "<group>"; };
		78A8D3022ACF39A500516CE8 /* tools.cpp */ = {isa = PBXFileReference; fileEncoding = 4; lastKnownFileType = sourcecode.cpp.cpp; name = tools.cpp; path = "../../../../Desktop/Lab3C++/tools.cpp"; sourceTree = "<group>"; };
		78A8D3032ACF39A500516CE8 /* tools.hpp */ = {isa = PBXFileReference; fileEncoding = 4; lastKnownFileType = sourcecode.cpp.h; name = tools.hpp; path = "../../../../Desktop/Lab3C++/tools.hpp"; sourceTree = "<group>"; };
/* End PBXFileReference section */

/* Begin PBXFrameworksBuildPhase section */
		787BB2F22ACB2C0C0024380A /* Frameworks */ = {
			isa = PBXFrameworksBuildPhase;
			buildActionMask = 2147483647;
			files = (
			);
			runOnlyForDeploymentPostprocessing = 0;
		};
/* End PBXFrameworksBuildPhase section */

/* Begin PBXGroup section */
		787BB2EC2ACB2C0C0024380A = {
			isa = PBXGroup;
			children = (
				787BB2F72ACB2C0C0024380A /* LexLab3 */,
				787BB2F62ACB2C0C0024380A /* Products */,
			);
			sourceTree = "<group>";
		};
		787BB2F62ACB2C0C0024380A /* Products */ = {
			isa = PBXGroup;
			children = (
				787BB2F52ACB2C0C0024380A /* LexLab3 */,
			);
			name = Products;
			sourceTree = "<group>";
		};
		787BB2F72ACB2C0C0024380A /* LexLab3 */ = {
			isa = PBXGroup;
			children = (
				787BB2F82ACB2C0C0024380A /* main.cpp */,
				78A8D3022ACF39A500516CE8 /* tools.cpp */,
				78A8D3032ACF39A500516CE8 /* tools.hpp */,
				78A8D2FE2ACF398F00516CE8 /* enums.cpp */,
				78A8D2F92ACF398F00516CE8 /* enums.hpp */,
				78A8D2FD2ACF398F00516CE8 /* lexer.cpp */,
				78A8D2FB2ACF398F00516CE8 /* lexer.hpp */,
				78A8D2FA2ACF398F00516CE8 /* token.cpp */,
				78A8D2FC2ACF398F00516CE8 /* token.hpp */,
			);
			path = LexLab3;
			sourceTree = "<group>";
		};
/* End PBXGroup section */

/* Begin PBXNativeTarget section */
		787BB2F42ACB2C0C0024380A /* LexLab3 */ = {
			isa = PBXNativeTarget;
			buildConfigurationList = 787BB2FC2ACB2C0C0024380A /* Build configuration list for PBXNativeTarget "LexLab3" */;
			buildPhases = (
				787BB2F12ACB2C0C0024380A /* Sources */,
				787BB2F22ACB2C0C0024380A /* Frameworks */,
				787BB2F32ACB2C0C0024380A /* CopyFiles */,
			);
			buildRules = (
			);
			dependencies = (
			);
			name = LexLab3;
			productName = LexLab3;
			productReference = 787BB2F52ACB2C0C0024380A /* LexLab3 */;
			productType = "com.apple.product-type.tool";
		};
/* End PBXNativeTarget section */

/* Begin PBXProject section */
		787BB2ED2ACB2C0C0024380A /* Project object */ = {
			isa = PBXProject;
			attributes = {
				BuildIndependentTargetsInParallel = 1;
				LastUpgradeCheck = 1500;
				TargetAttributes = {
					787BB2F42ACB2C0C0024380A = {
						CreatedOnToolsVersion = 15.0;
					};
				};
			};
			buildConfigurationList = 787BB2F02ACB2C0C0024380A /* Build configuration list for PBXProject "LexLab3" */;
			compatibilityVersion = "Xcode 14.0";
			developmentRegion = en;
			hasScannedForEncodings = 0;
			knownRegions = (
				en,
				Base,
			);
			mainGroup = 787BB2EC2ACB2C0C0024380A;
			productRefGroup = 787BB2F62ACB2C0C0024380A /* Products */;
			projectDirPath = "";
			projectRoot = "";
			targets = (
				787BB2F42ACB2C0C0024380A /* LexLab3 */,
			);
		};
/* End PBXProject section */

/* Begin PBXSourcesBuildPhase section */
		787BB2F12ACB2C0C0024380A /* Sources */ = {
			isa = PBXSourcesBuildPhase;
			buildActionMask = 2147483647;
			files = (
				787BB2F92ACB2C0C0024380A /* main.cpp in Sources */,
				78A8D2FF2ACF398F00516CE8 /* token.cpp in Sources */,
				78A8D3012ACF398F00516CE8 /* enums.cpp in Sources */,
				78A8D3002ACF398F00516CE8 /* lexer.cpp in Sources */,
				78A8D3042ACF39A500516CE8 /* tools.cpp in Sources */,
			);
			runOnlyForDeploymentPostprocessing = 0;
		};
/* End PBXSourcesBuildPhase section */

/* Begin XCBuildConfiguration section */
		787BB2FA2ACB2C0C0024380A /* Debug */ = {
			isa = XCBuildConfiguration;
			buildSettings = {
				ALWAYS_SEARCH_USER_PATHS = NO;
				ASSETCATALOG_COMPILER_GENERATE_SWIFT_ASSET_SYMBOL_EXTENSIONS = YES;
				CLANG_ANALYZER_NONNULL = YES;
				CLANG_ANALYZER_NUMBER_OBJECT_CONVERSION = YES_AGGRESSIVE;
				CLANG_CXX_LANGUAGE_STANDARD = "gnu++20";
				CLANG_ENABLE_MODULES = YES;
				CLANG_ENABLE_OBJC_ARC = YES;
				CLANG_ENABLE_OBJC_WEAK = YES;
				CLANG_WARN_BLOCK_CAPTURE_AUTORELEASING = YES;
				CLANG_WARN_BOOL_CONVERSION = YES;
				CLANG_WARN_COMMA = YES;
				CLANG_WARN_CONSTANT_CONVERSION = YES;
				CLANG_WARN_DEPRECATED_OBJC_IMPLEMENTATIONS = YES;
				CLANG_WARN_DIRECT_OBJC_ISA_USAGE = YES_ERROR;
				CLANG_WARN_DOCUMENTATION_COMMENTS = YES;
				CLANG_WARN_EMPTY_BODY = YES;
				CLANG_WARN_ENUM_CONVERSION = YES;
				CLANG_WARN_INFINITE_RECURSION = YES;
				CLANG_WARN_INT_CONVERSION = YES;
				CLANG_WARN_NON_LITERAL_NULL_CONVERSION = YES;
				CLANG_WARN_OBJC_IMPLICIT_RETAIN_SELF = YES;
				CLANG_WARN_OBJC_LITERAL_CONVERSION = YES;
				CLANG_WARN_OBJC_ROOT_CLASS = YES_ERROR;
				CLANG_WARN_QUOTED_INCLUDE_IN_FRAMEWORK_HEADER = YES;
				CLANG_WARN_RANGE_LOOP_ANALYSIS = YES;
				CLANG_WARN_STRICT_PROTOTYPES = YES;
				CLANG_WARN_SUSPICIOUS_MOVE = YES;
				CLANG_WARN_UNGUARDED_AVAILABILITY = YES_AGGRESSIVE;
				CLANG_WARN_UNREACHABLE_CODE = YES;
				CLANG_WARN__DUPLICATE_METHOD_MATCH = YES;
				COPY_PHASE_STRIP = NO;
				DEBUG_INFORMATION_FORMAT = dwarf;
				ENABLE_STRICT_OBJC_MSGSEND = YES;
				ENABLE_TESTABILITY = YES;
				ENABLE_USER_SCRIPT_SANDBOXING = YES;
				GCC_C_LANGUAGE_STANDARD = gnu17;
				GCC_DYNAMIC_NO_PIC = NO;
				GCC_NO_COMMON_BLOCKS = YES;
				GCC_OPTIMIZATION_LEVEL = 0;
				GCC_PREPROCESSOR_DEFINITIONS = (
					"DEBUG=1",
					"$(inherited)",
				);
				GCC_WARN_64_TO_32_BIT_CONVERSION = YES;
				GCC_WARN_ABOUT_RETURN_TYPE = YES_ERROR;
				GCC_WARN_UNDECLARED_SELECTOR = YES;
				GCC_WARN_UNINITIALIZED_AUTOS = YES_AGGRESSIVE;
				GCC_WARN_UNUSED_FUNCTION = YES;
				GCC_WARN_UNUSED_VARIABLE = YES;
				LOCALIZATION_PREFERS_STRING_CATALOGS = YES;
				MACOSX_DEPLOYMENT_TARGET = 13.5;
				MTL_ENABLE_DEBUG_INFO = INCLUDE_SOURCE;
				MTL_FAST_MATH = YES;
				ONLY_ACTIVE_ARCH = YES;
				SDKROOT = macosx;
			};
			name = Debug;
		};
		787BB2FB2ACB2C0C0024380A /* Release */ = {
			isa = XCBuildConfiguration;
			buildSettings = {
				ALWAYS_SEARCH_USER_PATHS = NO;
				ASSETCATALOG_COMPILER_GENERATE_SWIFT_ASSET_SYMBOL_EXTENSIONS = YES;
				CLANG_ANALYZER_NONNULL = YES;
				CLANG_ANALYZER_NUMBER_OBJECT_CONVERSION = YES_AGGRESSIVE;
				CLANG_CXX_LANGUAGE_STANDARD = "gnu++20";
				CLANG_ENABLE_MODULES = YES;
				CLANG_ENABLE_OBJC_ARC = YES;
				CLANG_ENABLE_OBJC_WEAK = YES;
				CLANG_WARN_BLOCK_CAPTURE_AUTORELEASING = YES;
				CLANG_WARN_BOOL_CONVERSION = YES;
				CLANG_WARN_COMMA = YES;
				CLANG_WARN_CONSTANT_CONVERSION = YES;
				CLANG_WARN_DEPRECATED_OBJC_IMPLEMENTATIONS = YES;
				CLANG_WARN_DIRECT_OBJC_ISA_USAGE = YES_ERROR;
				CLANG_WARN_DOCUMENTATION_COMMENTS = YES;
				CLANG_WARN_EMPTY_BODY = YES;
				CLANG_WARN_ENUM_CONVERSION = YES;
				CLANG_WARN_INFINITE_RECURSION = YES;
				CLANG_WARN_INT_CONVERSION = YES;
				CLANG_WARN_NON_LITERAL_NULL_CONVERSION = YES;
				CLANG_WARN_OBJC_IMPLICIT_RETAIN_SELF = YES;
				CLANG_WARN_OBJC_LITERAL_CONVERSION = YES;
				CLANG_WARN_OBJC_ROOT_CLASS = YES_ERROR;
				CLANG_WARN_QUOTED_INCLUDE_IN_FRAMEWORK_HEADER = YES;
				CLANG_WARN_RANGE_LOOP_ANALYSIS = YES;
				CLANG_WARN_STRICT_PROTOTYPES = YES;
				CLANG_WARN_SUSPICIOUS_MOVE = YES;
				CLANG_WARN_UNGUARDED_AVAILABILITY = YES_AGGRESSIVE;
				CLANG_WARN_UNREACHABLE_CODE = YES;
				CLANG_WARN__DUPLICATE_METHOD_MATCH = YES;
				COPY_PHASE_STRIP = NO;
				DEBUG_INFORMATION_FORMAT = "dwarf-with-dsym";
				ENABLE_NS_ASSERTIONS = NO;
				ENABLE_STRICT_OBJC_MSGSEND = YES;
				ENABLE_USER_SCRIPT_SANDBOXING = YES;
				GCC_C_LANGUAGE_STANDARD = gnu17;
				GCC_NO_COMMON_BLOCKS = YES;
				GCC_WARN_64_TO_32_BIT_CONVERSION = YES;
				GCC_WARN_ABOUT_RETURN_TYPE = YES_ERROR;
				GCC_WARN_UNDECLARED_SELECTOR = YES;
				GCC_WARN_UNINITIALIZED_AUTOS = YES_AGGRESSIVE;
				GCC_WARN_UNUSED_FUNCTION = YES;
				GCC_WARN_UNUSED_VARIABLE = YES;
				LOCALIZATION_PREFERS_STRING_CATALOGS = YES;
				MACOSX_DEPLOYMENT_TARGET = 13.5;
				MTL_ENABLE_DEBUG_INFO = NO;
				MTL_FAST_MATH = YES;
				SDKROOT = macosx;
			};
			name = Release;
		};
		787BB2FD2ACB2C0C0024380A /* Debug */ = {
			isa = XCBuildConfiguration;
			buildSettings = {
				CODE_SIGN_STYLE = Automatic;
				PRODUCT_NAME = "$(TARGET_NAME)";
			};
			name = Debug;
		};
		787BB2FE2ACB2C0C0024380A /* Release */ = {
			isa = XCBuildConfiguration;
			buildSettings = {
				CODE_SIGN_STYLE = Automatic;
				PRODUCT_NAME = "$(TARGET_NAME)";
			};
			name = Release;
		};
/* End XCBuildConfiguration section */

/* Begin XCConfigurationList section */
		787BB2F02ACB2C0C0024380A /* Build configuration list for PBXProject "LexLab3" */ = {
			isa = XCConfigurationList;
			buildConfigurations = (
				787BB2FA2ACB2C0C0024380A /* Debug */,
				787BB2FB2ACB2C0C0024380A /* Release */,
			);
			defaultConfigurationIsVisible = 0;
			defaultConfigurationName = Release;
		};
		787BB2FC2ACB2C0C0024380A /* Build configuration list for PBXNativeTarget "LexLab3" */ = {
			isa = XCConfigurationList;
			buildConfigurations = (
				787BB2FD2ACB2C0C0024380A /* Debug */,
				787BB2FE2ACB2C0C0024380A /* Release */,
			);
			defaultConfigurationIsVisible = 0;
			defaultConfigurationName = Release;
		};
/* End XCConfigurationList section */
	};
	rootObject = 787BB2ED2ACB2C0C0024380A /* Project object */;
}
